
Microsoft Visual Studio Solution File, Format Version 12.00
# Visual Studio Version 16
VisualStudioVersion = 16.0.30413.136
MinimumVisualStudioVersion = 10.0.40219.1
Project("{FAE04EC0-301F-11D3-BF4B-00C04F79EFBC}") = "WebAPI", "WebAPI\WebAPI.csproj", "{A7B01532-4D62-46DC-B488-4CF6BFB1D89D}"
EndProject
Project("{FAE04EC0-301F-11D3-BF4B-00C04F79EFBC}") = "WebAPI.Service", "WorkerService1\WebAPI.Service.csproj", "{931A4425-29C8-403D-9D66-B50D67539E75}"
EndProject
Project("{FAE04EC0-301F-11D3-BF4B-00C04F79EFBC}") = "WebAPI.DL", "WebAPI.DL\WebAPI.DL.csproj", "{A6D4D190-C137-48A4-A867-8D5A480E02B2}"
EndProject
Global
	GlobalSection(SolutionConfigurationPlatforms) = preSolution
		Debug|Any CPU = Debug|Any CPU
		Release|Any CPU = Release|Any CPU
	EndGlobalSection
	GlobalSection(ProjectConfigurationPlatforms) = postSolution
		{A7B01532-4D62-46DC-B488-4CF6BFB1D89D}.Debug|Any CPU.ActiveCfg = Debug|Any CPU
		{A7B01532-4D62-46DC-B488-4CF6BFB1D89D}.Debug|Any CPU.Build.0 = Debug|Any CPU
		{A7B01532-4D62-46DC-B488-4CF6BFB1D89D}.Release|Any CPU.ActiveCfg = Release|Any CPU
		{A7B01532-4D62-46DC-B488-4CF6BFB1D89D}.Release|Any CPU.Build.0 = Release|Any CPU
		{931A4425-29C8-403D-9D66-B50D67539E75}.Debug|Any CPU.ActiveCfg = Debug|Any CPU
		{931A4425-29C8-403D-9D66-B50D67539E75}.Debug|Any CPU.Build.0 = Debug|Any CPU
		{931A4425-29C8-403D-9D66-B50D67539E75}.Release|Any CPU.ActiveCfg = Release|Any CPU
		{931A4425-29C8-403D-9D66-B50D67539E75}.Release|Any CPU.Build.0 = Release|Any CPU
		{A6D4D190-C137-48A4-A867-8D5A480E02B2}.Debug|Any CPU.ActiveCfg = Debug|Any CPU
		{A6D4D190-C137-48A4-A867-8D5A480E02B2}.Debug|Any CPU.Build.0 = Debug|Any CPU
		{A6D4D190-C137-48A4-A867-8D5A480E02B2}.Release|Any CPU.ActiveCfg = Release|Any CPU
		{A6D4D190-C137-48A4-A867-8D5A480E02B2}.Release|Any CPU.Build.0 = Release|Any CPU
	EndGlobalSection
	GlobalSection(SolutionProperties) = preSolution
		HideSolutionNode = FALSE
	EndGlobalSection
	GlobalSection(ExtensibilityGlobals) = postSolution
		SolutionGuid = {31AD6C30-2F86-487A-98FF-2575A9DEF8D0}
	EndGlobalSection
EndGlobal
